// !$*UTF8*$!
{
	archiveVersion = 1;
	classes = {
	};
	objectVersion = 46;
	objects = {

/* Begin PBXBuildFile section */
		49EBE0991B456D6900C67D82 /* main.m in Sources */ = {isa = PBXBuildFile; fileRef = 49EBE0981B456D6900C67D82 /* main.m */; };
		49EBE09C1B456D6900C67D82 /* AppDelegate.m in Sources */ = {isa = PBXBuildFile; fileRef = 49EBE09B1B456D6900C67D82 /* AppDelegate.m */; };
		49EBE09F1B456D6900C67D82 /* MapViewController.m in Sources */ = {isa = PBXBuildFile; fileRef = 49EBE09E1B456D6900C67D82 /* MapViewController.m */; };
		49EBE0A21B456D6A00C67D82 /* Main.storyboard in Resources */ = {isa = PBXBuildFile; fileRef = 49EBE0A01B456D6A00C67D82 /* Main.storyboard */; };
		49EBE0A41B456D6A00C67D82 /* Images.xcassets in Resources */ = {isa = PBXBuildFile; fileRef = 49EBE0A31B456D6A00C67D82 /* Images.xcassets */; };
		49EBE0A71B456D6A00C67D82 /* LaunchScreen.xib in Resources */ = {isa = PBXBuildFile; fileRef = 49EBE0A51B456D6A00C67D82 /* LaunchScreen.xib */; };
		49EBE0B31B456D6A00C67D82 /* Map_HacksTests.m in Sources */ = {isa = PBXBuildFile; fileRef = 49EBE0B21B456D6A00C67D82 /* Map_HacksTests.m */; };
		5E6B046A1B45769B00AAA2FE /* bikeStation.png in Resources */ = {isa = PBXBuildFile; fileRef = 5E6B04681B45769B00AAA2FE /* bikeStation.png */; };
		5E6B046B1B45769B00AAA2FE /* bikeStations.json in Resources */ = {isa = PBXBuildFile; fileRef = 5E6B04691B45769B00AAA2FE /* bikeStations.json */; };
		5E6B046D1B4577C000AAA2FE /* MapKit.framework in Frameworks */ = {isa = PBXBuildFile; fileRef = 5E6B046C1B4577C000AAA2FE /* MapKit.framework */; };
/* End PBXBuildFile section */

/* Begin PBXContainerItemProxy section */
		49EBE0AD1B456D6A00C67D82 /* PBXContainerItemProxy */ = {
			isa = PBXContainerItemProxy;
			containerPortal = 49EBE08B1B456D6900C67D82 /* Project object */;
			proxyType = 1;
			remoteGlobalIDString = 49EBE0921B456D6900C67D82;
			remoteInfo = "Map Hacks";
		};
/* End PBXContainerItemProxy section */

/* Begin PBXFileReference section */
		49EBE0931B456D6900C67D82 /* Map Hacks.app */ = {isa = PBXFileReference; explicitFileType = wrapper.application; includeInIndex = 0; path = "Map Hacks.app"; sourceTree = BUILT_PRODUCTS_DIR; };
		49EBE0971B456D6900C67D82 /* Info.plist */ = {isa = PBXFileReference; lastKnownFileType = text.plist.xml; path = Info.plist; sourceTree = "<group>"; };
		49EBE0981B456D6900C67D82 /* main.m */ = {isa = PBXFileReference; lastKnownFileType = sourcecode.c.objc; path = main.m; sourceTree = "<group>"; };
		49EBE09A1B456D6900C67D82 /* AppDelegate.h */ = {isa = PBXFileReference; lastKnownFileType = sourcecode.c.h; path = AppDelegate.h; sourceTree = "<group>"; };
		49EBE09B1B456D6900C67D82 /* AppDelegate.m */ = {isa = PBXFileReference; lastKnownFileType = sourcecode.c.objc; path = AppDelegate.m; sourceTree = "<group>"; };
		49EBE09D1B456D6900C67D82 /* MapViewController.h */ = {isa = PBXFileReference; lastKnownFileType = sourcecode.c.h; path = MapViewController.h; sourceTree = "<group>"; };
		49EBE09E1B456D6900C67D82 /* MapViewController.m */ = {isa = PBXFileReference; lastKnownFileType = sourcecode.c.objc; path = MapViewController.m; sourceTree = "<group>"; };
		49EBE0A11B456D6A00C67D82 /* Base */ = {isa = PBXFileReference; lastKnownFileType = file.storyboard; name = Base; path = Base.lproj/Main.storyboard; sourceTree = "<group>"; };
		49EBE0A31B456D6A00C67D82 /* Images.xcassets */ = {isa = PBXFileReference; lastKnownFileType = folder.assetcatalog; path = Images.xcassets; sourceTree = "<group>"; };
		49EBE0A61B456D6A00C67D82 /* Base */ = {isa = PBXFileReference; lastKnownFileType = file.xib; name = Base; path = Base.lproj/LaunchScreen.xib; sourceTree = "<group>"; };
		49EBE0AC1B456D6A00C67D82 /* Map HacksTests.xctest */ = {isa = PBXFileReference; explicitFileType = wrapper.cfbundle; includeInIndex = 0; path = "Map HacksTests.xctest"; sourceTree = BUILT_PRODUCTS_DIR; };
		49EBE0B11B456D6A00C67D82 /* Info.plist */ = {isa = PBXFileReference; lastKnownFileType = text.plist.xml; path = Info.plist; sourceTree = "<group>"; };
		49EBE0B21B456D6A00C67D82 /* Map_HacksTests.m */ = {isa = PBXFileReference; lastKnownFileType = sourcecode.c.objc; path = Map_HacksTests.m; sourceTree = "<group>"; };
		5E6B04671B45767A00AAA2FE /* Steps.h */ = {isa = PBXFileReference; lastKnownFileType = sourcecode.c.h; path = Steps.h; sourceTree = "<group>"; };
		5E6B04681B45769B00AAA2FE /* bikeStation.png */ = {isa = PBXFileReference; lastKnownFileType = image.png; path = bikeStation.png; sourceTree = "<group>"; };
		5E6B04691B45769B00AAA2FE /* bikeStations.json */ = {isa = PBXFileReference; fileEncoding = 4; lastKnownFileType = text.json; path = bikeStations.json; sourceTree = "<group>"; };
		5E6B046C1B4577C000AAA2FE /* MapKit.framework */ = {isa = PBXFileReference; lastKnownFileType = wrapper.framework; name = MapKit.framework; path = System/Library/Frameworks/MapKit.framework; sourceTree = SDKROOT; };
/* End PBXFileReference section */

/* Begin PBXFrameworksBuildPhase section */
		49EBE0901B456D6900C67D82 /* Frameworks */ = {
			isa = PBXFrameworksBuildPhase;
			buildActionMask = 2147483647;
			files = (
				5E6B046D1B4577C000AAA2FE /* MapKit.framework in Frameworks */,
			);
			runOnlyForDeploymentPostprocessing = 0;
		};
		49EBE0A91B456D6A00C67D82 /* Frameworks */ = {
			isa = PBXFrameworksBuildPhase;
			buildActionMask = 2147483647;
			files = (
			);
			runOnlyForDeploymentPostprocessing = 0;
		};
/* End PBXFrameworksBuildPhase section */

/* Begin PBXGroup section */
		49EBE08A1B456D6900C67D82 = {
			isa = PBXGroup;
			children = (
				5E6B046C1B4577C000AAA2FE /* MapKit.framework */,
				49EBE0951B456D6900C67D82 /* Map Hacks */,
				49EBE0AF1B456D6A00C67D82 /* Map HacksTests */,
				49EBE0941B456D6900C67D82 /* Products */,
			);
			sourceTree = "<group>";
		};
		49EBE0941B456D6900C67D82 /* Products */ = {
			isa = PBXGroup;
			children = (
				49EBE0931B456D6900C67D82 /* Map Hacks.app */,
				49EBE0AC1B456D6A00C67D82 /* Map HacksTests.xctest */,
			);
			name = Products;
			sourceTree = "<group>";
		};
		49EBE0951B456D6900C67D82 /* Map Hacks */ = {
			isa = PBXGroup;
			children = (
				49EBE09A1B456D6900C67D82 /* AppDelegate.h */,
				49EBE09B1B456D6900C67D82 /* AppDelegate.m */,
				49EBE09D1B456D6900C67D82 /* MapViewController.h */,
				49EBE09E1B456D6900C67D82 /* MapViewController.m */,
				49EBE0A01B456D6A00C67D82 /* Main.storyboard */,
				5E6B04681B45769B00AAA2FE /* bikeStation.png */,
				5E6B04691B45769B00AAA2FE /* bikeStations.json */,
				5E6B04671B45767A00AAA2FE /* Steps.h */,
				49EBE0A51B456D6A00C67D82 /* LaunchScreen.xib */,
				49EBE0A31B456D6A00C67D82 /* Images.xcassets */,
				49EBE0961B456D6900C67D82 /* Supporting Files */,
			);
			path = "Map Hacks";
			sourceTree = "<group>";
		};
		49EBE0961B456D6900C67D82 /* Supporting Files */ = {
			isa = PBXGroup;
			children = (
				49EBE0971B456D6900C67D82 /* Info.plist */,
				49EBE0981B456D6900C67D82 /* main.m */,
			);
			name = "Supporting Files";
			sourceTree = "<group>";
		};
		49EBE0AF1B456D6A00C67D82 /* Map HacksTests */ = {
			isa = PBXGroup;
			children = (
				49EBE0B21B456D6A00C67D82 /* Map_HacksTests.m */,
				49EBE0B01B456D6A00C67D82 /* Supporting Files */,
			);
			path = "Map HacksTests";
			sourceTree = "<group>";
		};
		49EBE0B01B456D6A00C67D82 /* Supporting Files */ = {
			isa = PBXGroup;
			children = (
				49EBE0B11B456D6A00C67D82 /* Info.plist */,
			);
			name = "Supporting Files";
			sourceTree = "<group>";
		};
/* End PBXGroup section */

/* Begin PBXNativeTarget section */
		49EBE0921B456D6900C67D82 /* Map Hacks */ = {
			isa = PBXNativeTarget;
			buildConfigurationList = 49EBE0B61B456D6A00C67D82 /* Build configuration list for PBXNativeTarget "Map Hacks" */;
			buildPhases = (
				49EBE08F1B456D6900C67D82 /* Sources */,
				49EBE0901B456D6900C67D82 /* Frameworks */,
				49EBE0911B456D6900C67D82 /* Resources */,
			);
			buildRules = (
			);
			dependencies = (
			);
			name = "Map Hacks";
			productName = "Map Hacks";
			productReference = 49EBE0931B456D6900C67D82 /* Map Hacks.app */;
			productType = "com.apple.product-type.application";
		};
		49EBE0AB1B456D6A00C67D82 /* Map HacksTests */ = {
			isa = PBXNativeTarget;
			buildConfigurationList = 49EBE0B91B456D6A00C67D82 /* Build configuration list for PBXNativeTarget "Map HacksTests" */;
			buildPhases = (
				49EBE0A81B456D6A00C67D82 /* Sources */,
				49EBE0A91B456D6A00C67D82 /* Frameworks */,
				49EBE0AA1B456D6A00C67D82 /* Resources */,
			);
			buildRules = (
			);
			dependencies = (
				49EBE0AE1B456D6A00C67D82 /* PBXTargetDependency */,
			);
			name = "Map HacksTests";
			productName = "Map HacksTests";
			productReference = 49EBE0AC1B456D6A00C67D82 /* Map HacksTests.xctest */;
			productType = "com.apple.product-type.bundle.unit-test";
		};
/* End PBXNativeTarget section */

/* Begin PBXProject section */
		49EBE08B1B456D6900C67D82 /* Project object */ = {
			isa = PBXProject;
			attributes = {
				LastUpgradeCheck = 0630;
				ORGANIZATIONNAME = "Lighthouse Labs";
				TargetAttributes = {
					49EBE0921B456D6900C67D82 = {
						CreatedOnToolsVersion = 6.3.2;
					};
					49EBE0AB1B456D6A00C67D82 = {
						CreatedOnToolsVersion = 6.3.2;
						TestTargetID = 49EBE0921B456D6900C67D82;
					};
				};
			};
			buildConfigurationList = 49EBE08E1B456D6900C67D82 /* Build configuration list for PBXProject "Map Hacks" */;
			compatibilityVersion = "Xcode 3.2";
			developmentRegion = English;
			hasScannedForEncodings = 0;
			knownRegions = (
				en,
				Base,
			);
			mainGroup = 49EBE08A1B456D6900C67D82;
			productRefGroup = 49EBE0941B456D6900C67D82 /* Products */;
			projectDirPath = "";
			projectRoot = "";
			targets = (
				49EBE0921B456D6900C67D82 /* Map Hacks */,
				49EBE0AB1B456D6A00C67D82 /* Map HacksTests */,
			);
		};
/* End PBXProject section */

/* Begin PBXResourcesBuildPhase section */
		49EBE0911B456D6900C67D82 /* Resources */ = {
			isa = PBXResourcesBuildPhase;
			buildActionMask = 2147483647;
			files = (
				49EBE0A21B456D6A00C67D82 /* Main.storyboard in Resources */,
				49EBE0A71B456D6A00C67D82 /* LaunchScreen.xib in Resources */,
				49EBE0A41B456D6A00C67D82 /* Images.xcassets in Resources */,
				5E6B046A1B45769B00AAA2FE /* bikeStation.png in Resources */,
				5E6B046B1B45769B00AAA2FE /* bikeStations.json in Resources */,
			);
			runOnlyForDeploymentPostprocessing = 0;
		};
		49EBE0AA1B456D6A00C67D82 /* Resources */ = {
			isa = PBXResourcesBuildPhase;
			buildActionMask = 2147483647;
			files = (
			);
			runOnlyForDeploymentPostprocessing = 0;
		};
/* End PBXResourcesBuildPhase section */

/* Begin PBXSourcesBuildPhase section */
		49EBE08F1B456D6900C67D82 /* Sources */ = {
			isa = PBXSourcesBuildPhase;
			buildActionMask = 2147483647;
			files = (
				49EBE09F1B456D6900C67D82 /* MapViewController.m in Sources */,
				49EBE09C1B456D6900C67D82 /* AppDelegate.m in Sources */,
				49EBE0991B456D6900C67D82 /* main.m in Sources */,
			);
			runOnlyForDeploymentPostprocessing = 0;
		};
		49EBE0A81B456D6A00C67D82 /* Sources */ = {
			isa = PBXSourcesBuildPhase;
			buildActionMask = 2147483647;
			files = (
				49EBE0B31B456D6A00C67D82 /* Map_HacksTests.m in Sources */,
			);
			runOnlyForDeploymentPostprocessing = 0;
		};
/* End PBXSourcesBuildPhase section */

/* Begin PBXTargetDependency section */
		49EBE0AE1B456D6A00C67D82 /* PBXTargetDependency */ = {
			isa = PBXTargetDependency;
			target = 49EBE0921B456D6900C67D82 /* Map Hacks */;
			targetProxy = 49EBE0AD1B456D6A00C67D82 /* PBXContainerItemProxy */;
		};
/* End PBXTargetDependency section */

/* Begin PBXVariantGroup section */
		49EBE0A01B456D6A00C67D82 /* Main.storyboard */ = {
			isa = PBXVariantGroup;
			children = (
				49EBE0A11B456D6A00C67D82 /* Base */,
			);
			name = Main.storyboard;
			sourceTree = "<group>";
		};
		49EBE0A51B456D6A00C67D82 /* LaunchScreen.xib */ = {
			isa = PBXVariantGroup;
			children = (
				49EBE0A61B456D6A00C67D82 /* Base */,
			);
			name = LaunchScreen.xib;
			sourceTree = "<group>";
		};
/* End PBXVariantGroup section */

/* Begin XCBuildConfiguration section */
		49EBE0B41B456D6A00C67D82 /* Debug */ = {
			isa = XCBuildConfiguration;
			buildSettings = {
				ALWAYS_SEARCH_USER_PATHS = NO;
				CLANG_CXX_LANGUAGE_STANDARD = "gnu++0x";
				CLANG_CXX_LIBRARY = "libc++";
				CLANG_ENABLE_MODULES = YES;
				CLANG_ENABLE_OBJC_ARC = YES;
				CLANG_WARN_BOOL_CONVERSION = YES;
				CLANG_WARN_CONSTANT_CONVERSION = YES;
				CLANG_WARN_DIRECT_OBJC_ISA_USAGE = YES_ERROR;
				CLANG_WARN_EMPTY_BODY = YES;
				CLANG_WARN_ENUM_CONVERSION = YES;
				CLANG_WARN_INT_CONVERSION = YES;
				CLANG_WARN_OBJC_ROOT_CLASS = YES_ERROR;
				CLANG_WARN_UNREACHABLE_CODE = YES;
				CLANG_WARN__DUPLICATE_METHOD_MATCH = YES;
				"CODE_SIGN_IDENTITY[sdk=iphoneos*]" = "iPhone Developer";
				COPY_PHASE_STRIP = NO;
				DEBUG_INFORMATION_FORMAT = "dwarf-with-dsym";
				ENABLE_STRICT_OBJC_MSGSEND = YES;
				GCC_C_LANGUAGE_STANDARD = gnu99;
				GCC_DYNAMIC_NO_PIC = NO;
				GCC_NO_COMMON_BLOCKS = YES;
				GCC_OPTIMIZATION_LEVEL = 0;
				GCC_PREPROCESSOR_DEFINITIONS = (
					"DEBUG=1",
					"$(inherited)",
				);
				GCC_SYMBOLS_PRIVATE_EXTERN = NO;
				GCC_WARN_64_TO_32_BIT_CONVERSION = YES;
				GCC_WARN_ABOUT_RETURN_TYPE = YES_ERROR;
				GCC_WARN_UNDECLARED_SELECTOR = YES;
				GCC_WARN_UNINITIALIZED_AUTOS = YES_AGGRESSIVE;
				GCC_WARN_UNUSED_FUNCTION = YES;
				GCC_WARN_UNUSED_VARIABLE = YES;
				IPHONEOS_DEPLOYMENT_TARGET = 8.3;
				MTL_ENABLE_DEBUG_INFO = YES;
				ONLY_ACTIVE_ARCH = YES;
				SDKROOT = iphoneos;
			};
			name = Debug;
		};
		49EBE0B51B456D6A00C67D82 /* Release */ = {
			isa = XCBuildConfiguration;
			buildSettings = {
				ALWAYS_SEARCH_USER_PATHS = NO;
				CLANG_CXX_LANGUAGE_STANDARD = "gnu++0x";
				CLANG_CXX_LIBRARY = "libc++";
				CLANG_ENABLE_MODULES = YES;
				CLANG_ENABLE_OBJC_ARC = YES;
				CLANG_WARN_BOOL_CONVERSION = YES;
				CLANG_WARN_CONSTANT_CONVERSION = YES;
				CLANG_WARN_DIRECT_OBJC_ISA_USAGE = YES_ERROR;
				CLANG_WARN_EMPTY_BODY = YES;
				CLANG_WARN_ENUM_CONVERSION = YES;
				CLANG_WARN_INT_CONVERSION = YES;
				CLANG_WARN_OBJC_ROOT_CLASS = YES_ERROR;
				CLANG_WARN_UNREACHABLE_CODE = YES;
				CLANG_WARN__DUPLICATE_METHOD_MATCH = YES;
				"CODE_SIGN_IDENTITY[sdk=iphoneos*]" = "iPhone Developer";
				COPY_PHASE_STRIP = NO;
				DEBUG_INFORMATION_FORMAT = "dwarf-with-dsym";
				ENABLE_NS_ASSERTIONS = NO;
				ENABLE_STRICT_OBJC_MSGSEND = YES;
				GCC_C_LANGUAGE_STANDARD = gnu99;
				GCC_NO_COMMON_BLOCKS = YES;
				GCC_WARN_64_TO_32_BIT_CONVERSION = YES;
				GCC_WARN_ABOUT_RETURN_TYPE = YES_ERROR;
				GCC_WARN_UNDECLARED_SELECTOR = YES;
				GCC_WARN_UNINITIALIZED_AUTOS = YES_AGGRESSIVE;
				GCC_WARN_UNUSED_FUNCTION = YES;
				GCC_WARN_UNUSED_VARIABLE = YES;
				IPHONEOS_DEPLOYMENT_TARGET = 8.3;
				MTL_ENABLE_DEBUG_INFO = NO;
				SDKROOT = iphoneos;
				VALIDATE_PRODUCT = YES;
			};
			name = Release;
		};
		49EBE0B71B456D6A00C67D82 /* Debug */ = {
			isa = XCBuildConfiguration;
			buildSettings = {
				ASSETCATALOG_COMPILER_APPICON_NAME = AppIcon;
				INFOPLIST_FILE = "Map Hacks/Info.plist";
				LD_RUNPATH_SEARCH_PATHS = "$(inherited) @executable_path/Frameworks";
				PRODUCT_NAME = "$(TARGET_NAME)";
			};
			name = Debug;
		};
		49EBE0B81B456D6A00C67D82 /* Release */ = {
			isa = XCBuildConfiguration;
			buildSettings = {
				ASSETCATALOG_COMPILER_APPICON_NAME = AppIcon;
				INFOPLIST_FILE = "Map Hacks/Info.plist";
				LD_RUNPATH_SEARCH_PATHS = "$(inherited) @executable_path/Frameworks";
				PRODUCT_NAME = "$(TARGET_NAME)";
			};
			name = Release;
		};
		49EBE0BA1B456D6A00C67D82 /* Debug */ = {
			isa = XCBuildConfiguration;
			buildSettings = {
				BUNDLE_LOADER = "$(TEST_HOST)";
				FRAMEWORK_SEARCH_PATHS = (
					"$(SDKROOT)/Developer/Library/Frameworks",
					"$(inherited)",
				);
				GCC_PREPROCESSOR_DEFINITIONS = (
					"DEBUG=1",
					"$(inherited)",
				);
				INFOPLIST_FILE = "Map HacksTests/Info.plist";
				LD_RUNPATH_SEARCH_PATHS = "$(inherited) @executable_path/Frameworks @loader_path/Frameworks";
				PRODUCT_NAME = "$(TARGET_NAME)";
				TEST_HOST = "$(BUILT_PRODUCTS_DIR)/Map Hacks.app/Map Hacks";
			};
			name = Debug;
		};
		49EBE0BB1B456D6A00C67D82 /* Release */ = {
			isa = XCBuildConfiguration;
			buildSettings = {
				BUNDLE_LOADER = "$(TEST_HOST)";
				FRAMEWORK_SEARCH_PATHS = (
					"$(SDKROOT)/Developer/Library/Frameworks",
					"$(inherited)",
				);
				INFOPLIST_FILE = "Map HacksTests/Info.plist";
				LD_RUNPATH_SEARCH_PATHS = "$(inherited) @executable_path/Frameworks @loader_path/Frameworks";
				PRODUCT_NAME = "$(TARGET_NAME)";
				TEST_HOST = "$(BUILT_PRODUCTS_DIR)/Map Hacks.app/Map Hacks";
			};
			name = Release;
		};
/* End XCBuildConfiguration section */

/* Begin XCConfigurationList section */
		49EBE08E1B456D6900C67D82 /* Build configuration list for PBXProject "Map Hacks" */ = {
			isa = XCConfigurationList;
			buildConfigurations = (
				49EBE0B41B456D6A00C67D82 /* Debug */,
				49EBE0B51B456D6A00C67D82 /* Release */,
			);
			defaultConfigurationIsVisible = 0;
			defaultConfigurationName = Release;
		};
		49EBE0B61B456D6A00C67D82 /* Build configuration list for PBXNativeTarget "Map Hacks" */ = {
			isa = XCConfigurationList;
			buildConfigurations = (
				49EBE0B71B456D6A00C67D82 /* Debug */,
				49EBE0B81B456D6A00C67D82 /* Release */,
			);
			defaultConfigurationIsVisible = 0;
			defaultConfigurationName = Release;
		};
		49EBE0B91B456D6A00C67D82 /* Build configuration list for PBXNativeTarget "Map HacksTests" */ = {
			isa = XCConfigurationList;
			buildConfigurations = (
				49EBE0BA1B456D6A00C67D82 /* Debug */,
				49EBE0BB1B456D6A00C67D82 /* Release */,
			);
			defaultConfigurationIsVisible = 0;
			defaultConfigurationName = Release;
		};
/* End XCConfigurationList section */
	};
	rootObject = 49EBE08B1B456D6900C67D82 /* Project object */;
}
